
Microsoft Visual Studio Solution File, Format Version 12.00
# Visual Studio 14
VisualStudioVersion = 14.0.25420.1
MinimumVisualStudioVersion = 10.0.40219.1
Project("{FAE04EC0-301F-11D3-BF4B-00C04F79EFBC}") = "ghostshockey.it.model", "ghostshockey.it.model\ghostshockey.it.model.csproj", "{3B8BB980-3A16-4B2D-B2B2-F7765E430006}"
EndProject
Project("{2150E333-8FDC-42A3-9474-1A3956D46DE8}") = "0.App.Core", "0.App.Core", "{030D4042-A015-43A2-BA2D-D0158A7DF1BA}"
EndProject
Project("{2150E333-8FDC-42A3-9474-1A3956D46DE8}") = "1.App.UI", "1.App.UI", "{096C200C-1865-46E4-B047-1E1AB4BE06EA}"
EndProject
Project("{FAE04EC0-301F-11D3-BF4B-00C04F79EFBC}") = "ghostshockey.it.app.Droid", "ghostshockey.it.app.Droid\ghostshockey.it.app.Droid.csproj", "{9832DBE2-82F5-4265-A379-D1B875EFA165}"
EndProject
Project("{FAE04EC0-301F-11D3-BF4B-00C04F79EFBC}") = "ghostshockey.it.app.iOS", "ghostshockey.it.app.iOS\ghostshockey.it.app.iOS.csproj", "{9CD66254-27D3-4570-90CA-C4AD25C8D882}"
EndProject
Project("{FAE04EC0-301F-11D3-BF4B-00C04F79EFBC}") = "ghostshockey.it.app", "ghostshockey.it.app\ghostshockey.it.app.csproj", "{B2D2C005-2900-4302-9FE2-108E2B056651}"
EndProject
Project("{FAE04EC0-301F-11D3-BF4B-00C04F79EFBC}") = "ghostshockey.it.app.win10", "ghostshockey.it.app.win10\ghostshockey.it.app.win10.csproj", "{AA3C8C66-4E12-4C56-B07B-BB9C04FF872D}"
EndProject
Global
	GlobalSection(SolutionConfigurationPlatforms) = preSolution
		Debug|Any CPU = Debug|Any CPU
		Debug|ARM = Debug|ARM
		Debug|iPhone = Debug|iPhone
		Debug|iPhoneSimulator = Debug|iPhoneSimulator
		Debug|x64 = Debug|x64
		Debug|x86 = Debug|x86
		Release|Any CPU = Release|Any CPU
		Release|ARM = Release|ARM
		Release|iPhone = Release|iPhone
		Release|iPhoneSimulator = Release|iPhoneSimulator
		Release|x64 = Release|x64
		Release|x86 = Release|x86
	EndGlobalSection
	GlobalSection(ProjectConfigurationPlatforms) = postSolution
		{3B8BB980-3A16-4B2D-B2B2-F7765E430006}.Debug|Any CPU.ActiveCfg = Debug|Any CPU
		{3B8BB980-3A16-4B2D-B2B2-F7765E430006}.Debug|Any CPU.Build.0 = Debug|Any CPU
		{3B8BB980-3A16-4B2D-B2B2-F7765E430006}.Debug|ARM.ActiveCfg = Debug|Any CPU
		{3B8BB980-3A16-4B2D-B2B2-F7765E430006}.Debug|ARM.Build.0 = Debug|Any CPU
		{3B8BB980-3A16-4B2D-B2B2-F7765E430006}.Debug|iPhone.ActiveCfg = Debug|Any CPU
		{3B8BB980-3A16-4B2D-B2B2-F7765E430006}.Debug|iPhone.Build.0 = Debug|Any CPU
		{3B8BB980-3A16-4B2D-B2B2-F7765E430006}.Debug|iPhoneSimulator.ActiveCfg = Debug|Any CPU
		{3B8BB980-3A16-4B2D-B2B2-F7765E430006}.Debug|iPhoneSimulator.Build.0 = Debug|Any CPU
		{3B8BB980-3A16-4B2D-B2B2-F7765E430006}.Debug|x64.ActiveCfg = Debug|Any CPU
		{3B8BB980-3A16-4B2D-B2B2-F7765E430006}.Debug|x64.Build.0 = Debug|Any CPU
		{3B8BB980-3A16-4B2D-B2B2-F7765E430006}.Debug|x86.ActiveCfg = Debug|Any CPU
		{3B8BB980-3A16-4B2D-B2B2-F7765E430006}.Debug|x86.Build.0 = Debug|Any CPU
		{3B8BB980-3A16-4B2D-B2B2-F7765E430006}.Release|Any CPU.ActiveCfg = Release|Any CPU
		{3B8BB980-3A16-4B2D-B2B2-F7765E430006}.Release|Any CPU.Build.0 = Release|Any CPU
		{3B8BB980-3A16-4B2D-B2B2-F7765E430006}.Release|ARM.ActiveCfg = Release|Any CPU
		{3B8BB980-3A16-4B2D-B2B2-F7765E430006}.Release|ARM.Build.0 = Release|Any CPU
		{3B8BB980-3A16-4B2D-B2B2-F7765E430006}.Release|iPhone.ActiveCfg = Release|Any CPU
		{3B8BB980-3A16-4B2D-B2B2-F7765E430006}.Release|iPhone.Build.0 = Release|Any CPU
		{3B8BB980-3A16-4B2D-B2B2-F7765E430006}.Release|iPhoneSimulator.ActiveCfg = Release|Any CPU
		{3B8BB980-3A16-4B2D-B2B2-F7765E430006}.Release|iPhoneSimulator.Build.0 = Release|Any CPU
		{3B8BB980-3A16-4B2D-B2B2-F7765E430006}.Release|x64.ActiveCfg = Release|Any CPU
		{3B8BB980-3A16-4B2D-B2B2-F7765E430006}.Release|x64.Build.0 = Release|Any CPU
		{3B8BB980-3A16-4B2D-B2B2-F7765E430006}.Release|x86.ActiveCfg = Release|Any CPU
		{3B8BB980-3A16-4B2D-B2B2-F7765E430006}.Release|x86.Build.0 = Release|Any CPU
		{9832DBE2-82F5-4265-A379-D1B875EFA165}.Debug|Any CPU.ActiveCfg = Debug|Any CPU
		{9832DBE2-82F5-4265-A379-D1B875EFA165}.Debug|Any CPU.Build.0 = Debug|Any CPU
		{9832DBE2-82F5-4265-A379-D1B875EFA165}.Debug|Any CPU.Deploy.0 = Debug|Any CPU
		{9832DBE2-82F5-4265-A379-D1B875EFA165}.Debug|ARM.ActiveCfg = Debug|Any CPU
		{9832DBE2-82F5-4265-A379-D1B875EFA165}.Debug|ARM.Build.0 = Debug|Any CPU
		{9832DBE2-82F5-4265-A379-D1B875EFA165}.Debug|ARM.Deploy.0 = Debug|Any CPU
		{9832DBE2-82F5-4265-A379-D1B875EFA165}.Debug|iPhone.ActiveCfg = Debug|Any CPU
		{9832DBE2-82F5-4265-A379-D1B875EFA165}.Debug|iPhone.Build.0 = Debug|Any CPU
		{9832DBE2-82F5-4265-A379-D1B875EFA165}.Debug|iPhoneSimulator.ActiveCfg = Debug|Any CPU
		{9832DBE2-82F5-4265-A379-D1B875EFA165}.Debug|iPhoneSimulator.Build.0 = Debug|Any CPU
		{9832DBE2-82F5-4265-A379-D1B875EFA165}.Debug|iPhoneSimulator.Deploy.0 = Debug|Any CPU
		{9832DBE2-82F5-4265-A379-D1B875EFA165}.Debug|x64.ActiveCfg = Debug|Any CPU
		{9832DBE2-82F5-4265-A379-D1B875EFA165}.Debug|x64.Build.0 = Debug|Any CPU
		{9832DBE2-82F5-4265-A379-D1B875EFA165}.Debug|x64.Deploy.0 = Debug|Any CPU
		{9832DBE2-82F5-4265-A379-D1B875EFA165}.Debug|x86.ActiveCfg = Debug|Any CPU
		{9832DBE2-82F5-4265-A379-D1B875EFA165}.Debug|x86.Build.0 = Debug|Any CPU
		{9832DBE2-82F5-4265-A379-D1B875EFA165}.Debug|x86.Deploy.0 = Debug|Any CPU
		{9832DBE2-82F5-4265-A379-D1B875EFA165}.Release|Any CPU.ActiveCfg = Release|Any CPU
		{9832DBE2-82F5-4265-A379-D1B875EFA165}.Release|Any CPU.Build.0 = Release|Any CPU
		{9832DBE2-82F5-4265-A379-D1B875EFA165}.Release|Any CPU.Deploy.0 = Release|Any CPU
		{9832DBE2-82F5-4265-A379-D1B875EFA165}.Release|ARM.ActiveCfg = Release|Any CPU
		{9832DBE2-82F5-4265-A379-D1B875EFA165}.Release|ARM.Build.0 = Release|Any CPU
		{9832DBE2-82F5-4265-A379-D1B875EFA165}.Release|ARM.Deploy.0 = Release|Any CPU
		{9832DBE2-82F5-4265-A379-D1B875EFA165}.Release|iPhone.ActiveCfg = Release|Any CPU
		{9832DBE2-82F5-4265-A379-D1B875EFA165}.Release|iPhone.Build.0 = Release|Any CPU
		{9832DBE2-82F5-4265-A379-D1B875EFA165}.Release|iPhone.Deploy.0 = Release|Any CPU
		{9832DBE2-82F5-4265-A379-D1B875EFA165}.Release|iPhoneSimulator.ActiveCfg = Release|Any CPU
		{9832DBE2-82F5-4265-A379-D1B875EFA165}.Release|iPhoneSimulator.Build.0 = Release|Any CPU
		{9832DBE2-82F5-4265-A379-D1B875EFA165}.Release|iPhoneSimulator.Deploy.0 = Release|Any CPU
		{9832DBE2-82F5-4265-A379-D1B875EFA165}.Release|x64.ActiveCfg = Release|Any CPU
		{9832DBE2-82F5-4265-A379-D1B875EFA165}.Release|x64.Build.0 = Release|Any CPU
		{9832DBE2-82F5-4265-A379-D1B875EFA165}.Release|x64.Deploy.0 = Release|Any CPU
		{9832DBE2-82F5-4265-A379-D1B875EFA165}.Release|x86.ActiveCfg = Release|Any CPU
		{9832DBE2-82F5-4265-A379-D1B875EFA165}.Release|x86.Build.0 = Release|Any CPU
		{9832DBE2-82F5-4265-A379-D1B875EFA165}.Release|x86.Deploy.0 = Release|Any CPU
		{9CD66254-27D3-4570-90CA-C4AD25C8D882}.Debug|Any CPU.ActiveCfg = Debug|iPhone
		{9CD66254-27D3-4570-90CA-C4AD25C8D882}.Debug|ARM.ActiveCfg = Debug|iPhone
		{9CD66254-27D3-4570-90CA-C4AD25C8D882}.Debug|iPhone.ActiveCfg = Debug|iPhone
		{9CD66254-27D3-4570-90CA-C4AD25C8D882}.Debug|iPhone.Build.0 = Debug|iPhone
		{9CD66254-27D3-4570-90CA-C4AD25C8D882}.Debug|iPhoneSimulator.ActiveCfg = Debug|iPhoneSimulator
		{9CD66254-27D3-4570-90CA-C4AD25C8D882}.Debug|iPhoneSimulator.Build.0 = Debug|iPhoneSimulator
		{9CD66254-27D3-4570-90CA-C4AD25C8D882}.Debug|x64.ActiveCfg = Debug|iPhone
		{9CD66254-27D3-4570-90CA-C4AD25C8D882}.Debug|x86.ActiveCfg = Debug|iPhone
		{9CD66254-27D3-4570-90CA-C4AD25C8D882}.Release|Any CPU.ActiveCfg = Release|iPhone
		{9CD66254-27D3-4570-90CA-C4AD25C8D882}.Release|ARM.ActiveCfg = Release|iPhone
		{9CD66254-27D3-4570-90CA-C4AD25C8D882}.Release|iPhone.ActiveCfg = Release|iPhone
		{9CD66254-27D3-4570-90CA-C4AD25C8D882}.Release|iPhone.Build.0 = Release|iPhone
		{9CD66254-27D3-4570-90CA-C4AD25C8D882}.Release|iPhoneSimulator.ActiveCfg = Release|iPhoneSimulator
		{9CD66254-27D3-4570-90CA-C4AD25C8D882}.Release|iPhoneSimulator.Build.0 = Release|iPhoneSimulator
		{9CD66254-27D3-4570-90CA-C4AD25C8D882}.Release|x64.ActiveCfg = Release|iPhone
		{9CD66254-27D3-4570-90CA-C4AD25C8D882}.Release|x86.ActiveCfg = Release|iPhone
		{B2D2C005-2900-4302-9FE2-108E2B056651}.Debug|Any CPU.ActiveCfg = Debug|Any CPU
		{B2D2C005-2900-4302-9FE2-108E2B056651}.Debug|Any CPU.Build.0 = Debug|Any CPU
		{B2D2C005-2900-4302-9FE2-108E2B056651}.Debug|ARM.ActiveCfg = Debug|Any CPU
		{B2D2C005-2900-4302-9FE2-108E2B056651}.Debug|ARM.Build.0 = Debug|Any CPU
		{B2D2C005-2900-4302-9FE2-108E2B056651}.Debug|iPhone.ActiveCfg = Debug|Any CPU
		{B2D2C005-2900-4302-9FE2-108E2B056651}.Debug|iPhone.Build.0 = Debug|Any CPU
		{B2D2C005-2900-4302-9FE2-108E2B056651}.Debug|iPhoneSimulator.ActiveCfg = Debug|Any CPU
		{B2D2C005-2900-4302-9FE2-108E2B056651}.Debug|iPhoneSimulator.Build.0 = Debug|Any CPU
		{B2D2C005-2900-4302-9FE2-108E2B056651}.Debug|x64.ActiveCfg = Debug|Any CPU
		{B2D2C005-2900-4302-9FE2-108E2B056651}.Debug|x64.Build.0 = Debug|Any CPU
		{B2D2C005-2900-4302-9FE2-108E2B056651}.Debug|x86.ActiveCfg = Debug|Any CPU
		{B2D2C005-2900-4302-9FE2-108E2B056651}.Debug|x86.Build.0 = Debug|Any CPU
		{B2D2C005-2900-4302-9FE2-108E2B056651}.Release|Any CPU.ActiveCfg = Release|Any CPU
		{B2D2C005-2900-4302-9FE2-108E2B056651}.Release|Any CPU.Build.0 = Release|Any CPU
		{B2D2C005-2900-4302-9FE2-108E2B056651}.Release|ARM.ActiveCfg = Release|Any CPU
		{B2D2C005-2900-4302-9FE2-108E2B056651}.Release|ARM.Build.0 = Release|Any CPU
		{B2D2C005-2900-4302-9FE2-108E2B056651}.Release|iPhone.ActiveCfg = Release|Any CPU
		{B2D2C005-2900-4302-9FE2-108E2B056651}.Release|iPhone.Build.0 = Release|Any CPU
		{B2D2C005-2900-4302-9FE2-108E2B056651}.Release|iPhoneSimulator.ActiveCfg = Release|Any CPU
		{B2D2C005-2900-4302-9FE2-108E2B056651}.Release|iPhoneSimulator.Build.0 = Release|Any CPU
		{B2D2C005-2900-4302-9FE2-108E2B056651}.Release|x64.ActiveCfg = Release|Any CPU
		{B2D2C005-2900-4302-9FE2-108E2B056651}.Release|x64.Build.0 = Release|Any CPU
		{B2D2C005-2900-4302-9FE2-108E2B056651}.Release|x86.ActiveCfg = Release|Any CPU
		{B2D2C005-2900-4302-9FE2-108E2B056651}.Release|x86.Build.0 = Release|Any CPU
		{AA3C8C66-4E12-4C56-B07B-BB9C04FF872D}.Debug|Any CPU.ActiveCfg = Debug|x86
		{AA3C8C66-4E12-4C56-B07B-BB9C04FF872D}.Debug|ARM.ActiveCfg = Debug|ARM
		{AA3C8C66-4E12-4C56-B07B-BB9C04FF872D}.Debug|ARM.Build.0 = Debug|ARM
		{AA3C8C66-4E12-4C56-B07B-BB9C04FF872D}.Debug|ARM.Deploy.0 = Debug|ARM
		{AA3C8C66-4E12-4C56-B07B-BB9C04FF872D}.Debug|iPhone.ActiveCfg = Debug|x86
		{AA3C8C66-4E12-4C56-B07B-BB9C04FF872D}.Debug|iPhone.Build.0 = Debug|x86
		{AA3C8C66-4E12-4C56-B07B-BB9C04FF872D}.Debug|iPhoneSimulator.ActiveCfg = Debug|x86
		{AA3C8C66-4E12-4C56-B07B-BB9C04FF872D}.Debug|x64.ActiveCfg = Debug|x64
		{AA3C8C66-4E12-4C56-B07B-BB9C04FF872D}.Debug|x64.Build.0 = Debug|x64
		{AA3C8C66-4E12-4C56-B07B-BB9C04FF872D}.Debug|x64.Deploy.0 = Debug|x64
		{AA3C8C66-4E12-4C56-B07B-BB9C04FF872D}.Debug|x86.ActiveCfg = Debug|x86
		{AA3C8C66-4E12-4C56-B07B-BB9C04FF872D}.Debug|x86.Build.0 = Debug|x86
		{AA3C8C66-4E12-4C56-B07B-BB9C04FF872D}.Debug|x86.Deploy.0 = Debug|x86
		{AA3C8C66-4E12-4C56-B07B-BB9C04FF872D}.Release|Any CPU.ActiveCfg = Release|x86
		{AA3C8C66-4E12-4C56-B07B-BB9C04FF872D}.Release|ARM.ActiveCfg = Release|ARM
		{AA3C8C66-4E12-4C56-B07B-BB9C04FF872D}.Release|ARM.Build.0 = Release|ARM
		{AA3C8C66-4E12-4C56-B07B-BB9C04FF872D}.Release|ARM.Deploy.0 = Release|ARM
		{AA3C8C66-4E12-4C56-B07B-BB9C04FF872D}.Release|iPhone.ActiveCfg = Release|x86
		{AA3C8C66-4E12-4C56-B07B-BB9C04FF872D}.Release|iPhoneSimulator.ActiveCfg = Release|x86
		{AA3C8C66-4E12-4C56-B07B-BB9C04FF872D}.Release|x64.ActiveCfg = Release|x64
		{AA3C8C66-4E12-4C56-B07B-BB9C04FF872D}.Release|x64.Build.0 = Release|x64
		{AA3C8C66-4E12-4C56-B07B-BB9C04FF872D}.Release|x64.Deploy.0 = Release|x64
		{AA3C8C66-4E12-4C56-B07B-BB9C04FF872D}.Release|x86.ActiveCfg = Release|x86
		{AA3C8C66-4E12-4C56-B07B-BB9C04FF872D}.Release|x86.Build.0 = Release|x86
		{AA3C8C66-4E12-4C56-B07B-BB9C04FF872D}.Release|x86.Deploy.0 = Release|x86
	EndGlobalSection
	GlobalSection(SolutionProperties) = preSolution
		HideSolutionNode = FALSE
	EndGlobalSection
	GlobalSection(NestedProjects) = preSolution
		{3B8BB980-3A16-4B2D-B2B2-F7765E430006} = {030D4042-A015-43A2-BA2D-D0158A7DF1BA}
		{9832DBE2-82F5-4265-A379-D1B875EFA165} = {096C200C-1865-46E4-B047-1E1AB4BE06EA}
		{9CD66254-27D3-4570-90CA-C4AD25C8D882} = {096C200C-1865-46E4-B047-1E1AB4BE06EA}
		{B2D2C005-2900-4302-9FE2-108E2B056651} = {030D4042-A015-43A2-BA2D-D0158A7DF1BA}
		{AA3C8C66-4E12-4C56-B07B-BB9C04FF872D} = {096C200C-1865-46E4-B047-1E1AB4BE06EA}
	EndGlobalSection
EndGlobal
