
Microsoft Visual Studio Solution File, Format Version 12.00
# Visual Studio 14
VisualStudioVersion = 14.0.25420.1
MinimumVisualStudioVersion = 10.0.40219.1
Project("{FAE04EC0-301F-11D3-BF4B-00C04F79EFBC}") = "ghostshockey.it.Droid", "ghostshockey.it.Droid\ghostshockey.it.Droid.csproj", "{4D3528FD-FC7C-4707-A5A2-BA0690813F04}"
EndProject
Project("{FAE04EC0-301F-11D3-BF4B-00C04F79EFBC}") = "ghostshockey.it.iOS", "ghostshockey.it.iOS\ghostshockey.it.iOS.csproj", "{4E160B3C-2310-4011-BA0A-C5A55E0B93F6}"
EndProject
Project("{FAE04EC0-301F-11D3-BF4B-00C04F79EFBC}") = "ghostshockey.it.WinPhone", "ghostshockey.it.WinPhone\ghostshockey.it.WinPhone.csproj", "{56B75E40-8B62-446A-B1BE-AC2640C4C482}"
EndProject
Project("{FAE04EC0-301F-11D3-BF4B-00C04F79EFBC}") = "ghostshockey.it.model", "ghostshockey.it.model\ghostshockey.it.model.csproj", "{3B8BB980-3A16-4B2D-B2B2-F7765E430006}"
EndProject
Project("{2150E333-8FDC-42A3-9474-1A3956D46DE8}") = "0.App.Core", "0.App.Core", "{030D4042-A015-43A2-BA2D-D0158A7DF1BA}"
EndProject
Project("{2150E333-8FDC-42A3-9474-1A3956D46DE8}") = "1.App.UI", "1.App.UI", "{096C200C-1865-46E4-B047-1E1AB4BE06EA}"
EndProject
Project("{FAE04EC0-301F-11D3-BF4B-00C04F79EFBC}") = "ghostshockey.it.Win10", "ghostshockey.it.Win10\ghostshockey.it.Win10.csproj", "{F0753B9B-B8A2-497D-8342-5E401BBB3D2F}"
EndProject
Project("{FAE04EC0-301F-11D3-BF4B-00C04F79EFBC}") = "ghostshockey.it.web", "ghostshockey.it.web\ghostshockey.it.web.csproj", "{3123285D-3DFF-4DDC-AA9D-489F993D44C1}"
EndProject
Project("{FAE04EC0-301F-11D3-BF4B-00C04F79EFBC}") = "ghostshockey.it.core", "ghostshockey.it.core\ghostshockey.it.core.csproj", "{A790AFB9-3674-4778-BE84-0E710C39A865}"
EndProject
Global
	GlobalSection(SolutionConfigurationPlatforms) = preSolution
		Debug|Any CPU = Debug|Any CPU
		Debug|ARM = Debug|ARM
		Debug|iPhone = Debug|iPhone
		Debug|iPhoneSimulator = Debug|iPhoneSimulator
		Debug|x64 = Debug|x64
		Debug|x86 = Debug|x86
		Release|Any CPU = Release|Any CPU
		Release|ARM = Release|ARM
		Release|iPhone = Release|iPhone
		Release|iPhoneSimulator = Release|iPhoneSimulator
		Release|x64 = Release|x64
		Release|x86 = Release|x86
	EndGlobalSection
	GlobalSection(ProjectConfigurationPlatforms) = postSolution
		{4D3528FD-FC7C-4707-A5A2-BA0690813F04}.Debug|Any CPU.ActiveCfg = Debug|Any CPU
		{4D3528FD-FC7C-4707-A5A2-BA0690813F04}.Debug|Any CPU.Build.0 = Debug|Any CPU
		{4D3528FD-FC7C-4707-A5A2-BA0690813F04}.Debug|Any CPU.Deploy.0 = Debug|Any CPU
		{4D3528FD-FC7C-4707-A5A2-BA0690813F04}.Debug|ARM.ActiveCfg = Debug|Any CPU
		{4D3528FD-FC7C-4707-A5A2-BA0690813F04}.Debug|ARM.Build.0 = Debug|Any CPU
		{4D3528FD-FC7C-4707-A5A2-BA0690813F04}.Debug|ARM.Deploy.0 = Debug|Any CPU
		{4D3528FD-FC7C-4707-A5A2-BA0690813F04}.Debug|iPhone.ActiveCfg = Debug|Any CPU
		{4D3528FD-FC7C-4707-A5A2-BA0690813F04}.Debug|iPhone.Build.0 = Debug|Any CPU
		{4D3528FD-FC7C-4707-A5A2-BA0690813F04}.Debug|iPhone.Deploy.0 = Debug|Any CPU
		{4D3528FD-FC7C-4707-A5A2-BA0690813F04}.Debug|iPhoneSimulator.ActiveCfg = Debug|Any CPU
		{4D3528FD-FC7C-4707-A5A2-BA0690813F04}.Debug|iPhoneSimulator.Build.0 = Debug|Any CPU
		{4D3528FD-FC7C-4707-A5A2-BA0690813F04}.Debug|iPhoneSimulator.Deploy.0 = Debug|Any CPU
		{4D3528FD-FC7C-4707-A5A2-BA0690813F04}.Debug|x64.ActiveCfg = Debug|Any CPU
		{4D3528FD-FC7C-4707-A5A2-BA0690813F04}.Debug|x64.Build.0 = Debug|Any CPU
		{4D3528FD-FC7C-4707-A5A2-BA0690813F04}.Debug|x64.Deploy.0 = Debug|Any CPU
		{4D3528FD-FC7C-4707-A5A2-BA0690813F04}.Debug|x86.ActiveCfg = Debug|Any CPU
		{4D3528FD-FC7C-4707-A5A2-BA0690813F04}.Debug|x86.Build.0 = Debug|Any CPU
		{4D3528FD-FC7C-4707-A5A2-BA0690813F04}.Debug|x86.Deploy.0 = Debug|Any CPU
		{4D3528FD-FC7C-4707-A5A2-BA0690813F04}.Release|Any CPU.ActiveCfg = Release|Any CPU
		{4D3528FD-FC7C-4707-A5A2-BA0690813F04}.Release|Any CPU.Build.0 = Release|Any CPU
		{4D3528FD-FC7C-4707-A5A2-BA0690813F04}.Release|Any CPU.Deploy.0 = Release|Any CPU
		{4D3528FD-FC7C-4707-A5A2-BA0690813F04}.Release|ARM.ActiveCfg = Release|Any CPU
		{4D3528FD-FC7C-4707-A5A2-BA0690813F04}.Release|ARM.Build.0 = Release|Any CPU
		{4D3528FD-FC7C-4707-A5A2-BA0690813F04}.Release|ARM.Deploy.0 = Release|Any CPU
		{4D3528FD-FC7C-4707-A5A2-BA0690813F04}.Release|iPhone.ActiveCfg = Release|Any CPU
		{4D3528FD-FC7C-4707-A5A2-BA0690813F04}.Release|iPhone.Build.0 = Release|Any CPU
		{4D3528FD-FC7C-4707-A5A2-BA0690813F04}.Release|iPhone.Deploy.0 = Release|Any CPU
		{4D3528FD-FC7C-4707-A5A2-BA0690813F04}.Release|iPhoneSimulator.ActiveCfg = Release|Any CPU
		{4D3528FD-FC7C-4707-A5A2-BA0690813F04}.Release|iPhoneSimulator.Build.0 = Release|Any CPU
		{4D3528FD-FC7C-4707-A5A2-BA0690813F04}.Release|iPhoneSimulator.Deploy.0 = Release|Any CPU
		{4D3528FD-FC7C-4707-A5A2-BA0690813F04}.Release|x64.ActiveCfg = Release|Any CPU
		{4D3528FD-FC7C-4707-A5A2-BA0690813F04}.Release|x64.Build.0 = Release|Any CPU
		{4D3528FD-FC7C-4707-A5A2-BA0690813F04}.Release|x64.Deploy.0 = Release|Any CPU
		{4D3528FD-FC7C-4707-A5A2-BA0690813F04}.Release|x86.ActiveCfg = Release|Any CPU
		{4D3528FD-FC7C-4707-A5A2-BA0690813F04}.Release|x86.Build.0 = Release|Any CPU
		{4D3528FD-FC7C-4707-A5A2-BA0690813F04}.Release|x86.Deploy.0 = Release|Any CPU
		{4E160B3C-2310-4011-BA0A-C5A55E0B93F6}.Debug|Any CPU.ActiveCfg = Debug|iPhone
		{4E160B3C-2310-4011-BA0A-C5A55E0B93F6}.Debug|ARM.ActiveCfg = Debug|iPhone
		{4E160B3C-2310-4011-BA0A-C5A55E0B93F6}.Debug|iPhone.ActiveCfg = Debug|iPhone
		{4E160B3C-2310-4011-BA0A-C5A55E0B93F6}.Debug|iPhone.Build.0 = Debug|iPhone
		{4E160B3C-2310-4011-BA0A-C5A55E0B93F6}.Debug|iPhoneSimulator.ActiveCfg = Debug|iPhoneSimulator
		{4E160B3C-2310-4011-BA0A-C5A55E0B93F6}.Debug|iPhoneSimulator.Build.0 = Debug|iPhoneSimulator
		{4E160B3C-2310-4011-BA0A-C5A55E0B93F6}.Debug|x64.ActiveCfg = Debug|iPhoneSimulator
		{4E160B3C-2310-4011-BA0A-C5A55E0B93F6}.Debug|x86.ActiveCfg = Debug|iPhone
		{4E160B3C-2310-4011-BA0A-C5A55E0B93F6}.Release|Any CPU.ActiveCfg = Release|iPhone
		{4E160B3C-2310-4011-BA0A-C5A55E0B93F6}.Release|ARM.ActiveCfg = Release|iPhone
		{4E160B3C-2310-4011-BA0A-C5A55E0B93F6}.Release|iPhone.ActiveCfg = Release|iPhone
		{4E160B3C-2310-4011-BA0A-C5A55E0B93F6}.Release|iPhone.Build.0 = Release|iPhone
		{4E160B3C-2310-4011-BA0A-C5A55E0B93F6}.Release|iPhoneSimulator.ActiveCfg = Release|iPhoneSimulator
		{4E160B3C-2310-4011-BA0A-C5A55E0B93F6}.Release|iPhoneSimulator.Build.0 = Release|iPhoneSimulator
		{4E160B3C-2310-4011-BA0A-C5A55E0B93F6}.Release|x64.ActiveCfg = Release|iPhoneSimulator
		{4E160B3C-2310-4011-BA0A-C5A55E0B93F6}.Release|x86.ActiveCfg = Release|iPhone
		{56B75E40-8B62-446A-B1BE-AC2640C4C482}.Debug|Any CPU.ActiveCfg = Debug|Any CPU
		{56B75E40-8B62-446A-B1BE-AC2640C4C482}.Debug|Any CPU.Build.0 = Debug|Any CPU
		{56B75E40-8B62-446A-B1BE-AC2640C4C482}.Debug|Any CPU.Deploy.0 = Debug|Any CPU
		{56B75E40-8B62-446A-B1BE-AC2640C4C482}.Debug|ARM.ActiveCfg = Debug|ARM
		{56B75E40-8B62-446A-B1BE-AC2640C4C482}.Debug|ARM.Build.0 = Debug|ARM
		{56B75E40-8B62-446A-B1BE-AC2640C4C482}.Debug|ARM.Deploy.0 = Debug|ARM
		{56B75E40-8B62-446A-B1BE-AC2640C4C482}.Debug|iPhone.ActiveCfg = Debug|Any CPU
		{56B75E40-8B62-446A-B1BE-AC2640C4C482}.Debug|iPhone.Build.0 = Debug|Any CPU
		{56B75E40-8B62-446A-B1BE-AC2640C4C482}.Debug|iPhone.Deploy.0 = Debug|Any CPU
		{56B75E40-8B62-446A-B1BE-AC2640C4C482}.Debug|iPhoneSimulator.ActiveCfg = Debug|Any CPU
		{56B75E40-8B62-446A-B1BE-AC2640C4C482}.Debug|iPhoneSimulator.Build.0 = Debug|Any CPU
		{56B75E40-8B62-446A-B1BE-AC2640C4C482}.Debug|iPhoneSimulator.Deploy.0 = Debug|Any CPU
		{56B75E40-8B62-446A-B1BE-AC2640C4C482}.Debug|x64.ActiveCfg = Debug|Any CPU
		{56B75E40-8B62-446A-B1BE-AC2640C4C482}.Debug|x64.Build.0 = Debug|Any CPU
		{56B75E40-8B62-446A-B1BE-AC2640C4C482}.Debug|x64.Deploy.0 = Debug|Any CPU
		{56B75E40-8B62-446A-B1BE-AC2640C4C482}.Debug|x86.ActiveCfg = Debug|x86
		{56B75E40-8B62-446A-B1BE-AC2640C4C482}.Debug|x86.Build.0 = Debug|x86
		{56B75E40-8B62-446A-B1BE-AC2640C4C482}.Debug|x86.Deploy.0 = Debug|x86
		{56B75E40-8B62-446A-B1BE-AC2640C4C482}.Release|Any CPU.ActiveCfg = Release|Any CPU
		{56B75E40-8B62-446A-B1BE-AC2640C4C482}.Release|Any CPU.Build.0 = Release|Any CPU
		{56B75E40-8B62-446A-B1BE-AC2640C4C482}.Release|Any CPU.Deploy.0 = Release|Any CPU
		{56B75E40-8B62-446A-B1BE-AC2640C4C482}.Release|ARM.ActiveCfg = Release|ARM
		{56B75E40-8B62-446A-B1BE-AC2640C4C482}.Release|ARM.Build.0 = Release|ARM
		{56B75E40-8B62-446A-B1BE-AC2640C4C482}.Release|ARM.Deploy.0 = Release|ARM
		{56B75E40-8B62-446A-B1BE-AC2640C4C482}.Release|iPhone.ActiveCfg = Release|Any CPU
		{56B75E40-8B62-446A-B1BE-AC2640C4C482}.Release|iPhone.Build.0 = Release|Any CPU
		{56B75E40-8B62-446A-B1BE-AC2640C4C482}.Release|iPhone.Deploy.0 = Release|Any CPU
		{56B75E40-8B62-446A-B1BE-AC2640C4C482}.Release|iPhoneSimulator.ActiveCfg = Release|Any CPU
		{56B75E40-8B62-446A-B1BE-AC2640C4C482}.Release|iPhoneSimulator.Build.0 = Release|Any CPU
		{56B75E40-8B62-446A-B1BE-AC2640C4C482}.Release|iPhoneSimulator.Deploy.0 = Release|Any CPU
		{56B75E40-8B62-446A-B1BE-AC2640C4C482}.Release|x64.ActiveCfg = Release|Any CPU
		{56B75E40-8B62-446A-B1BE-AC2640C4C482}.Release|x64.Build.0 = Release|Any CPU
		{56B75E40-8B62-446A-B1BE-AC2640C4C482}.Release|x64.Deploy.0 = Release|Any CPU
		{56B75E40-8B62-446A-B1BE-AC2640C4C482}.Release|x86.ActiveCfg = Release|x86
		{56B75E40-8B62-446A-B1BE-AC2640C4C482}.Release|x86.Build.0 = Release|x86
		{56B75E40-8B62-446A-B1BE-AC2640C4C482}.Release|x86.Deploy.0 = Release|x86
		{3B8BB980-3A16-4B2D-B2B2-F7765E430006}.Debug|Any CPU.ActiveCfg = Debug|Any CPU
		{3B8BB980-3A16-4B2D-B2B2-F7765E430006}.Debug|Any CPU.Build.0 = Debug|Any CPU
		{3B8BB980-3A16-4B2D-B2B2-F7765E430006}.Debug|ARM.ActiveCfg = Debug|Any CPU
		{3B8BB980-3A16-4B2D-B2B2-F7765E430006}.Debug|ARM.Build.0 = Debug|Any CPU
		{3B8BB980-3A16-4B2D-B2B2-F7765E430006}.Debug|iPhone.ActiveCfg = Debug|Any CPU
		{3B8BB980-3A16-4B2D-B2B2-F7765E430006}.Debug|iPhone.Build.0 = Debug|Any CPU
		{3B8BB980-3A16-4B2D-B2B2-F7765E430006}.Debug|iPhoneSimulator.ActiveCfg = Debug|Any CPU
		{3B8BB980-3A16-4B2D-B2B2-F7765E430006}.Debug|iPhoneSimulator.Build.0 = Debug|Any CPU
		{3B8BB980-3A16-4B2D-B2B2-F7765E430006}.Debug|x64.ActiveCfg = Debug|Any CPU
		{3B8BB980-3A16-4B2D-B2B2-F7765E430006}.Debug|x64.Build.0 = Debug|Any CPU
		{3B8BB980-3A16-4B2D-B2B2-F7765E430006}.Debug|x86.ActiveCfg = Debug|Any CPU
		{3B8BB980-3A16-4B2D-B2B2-F7765E430006}.Debug|x86.Build.0 = Debug|Any CPU
		{3B8BB980-3A16-4B2D-B2B2-F7765E430006}.Release|Any CPU.ActiveCfg = Release|Any CPU
		{3B8BB980-3A16-4B2D-B2B2-F7765E430006}.Release|Any CPU.Build.0 = Release|Any CPU
		{3B8BB980-3A16-4B2D-B2B2-F7765E430006}.Release|ARM.ActiveCfg = Release|Any CPU
		{3B8BB980-3A16-4B2D-B2B2-F7765E430006}.Release|ARM.Build.0 = Release|Any CPU
		{3B8BB980-3A16-4B2D-B2B2-F7765E430006}.Release|iPhone.ActiveCfg = Release|Any CPU
		{3B8BB980-3A16-4B2D-B2B2-F7765E430006}.Release|iPhone.Build.0 = Release|Any CPU
		{3B8BB980-3A16-4B2D-B2B2-F7765E430006}.Release|iPhoneSimulator.ActiveCfg = Release|Any CPU
		{3B8BB980-3A16-4B2D-B2B2-F7765E430006}.Release|iPhoneSimulator.Build.0 = Release|Any CPU
		{3B8BB980-3A16-4B2D-B2B2-F7765E430006}.Release|x64.ActiveCfg = Release|Any CPU
		{3B8BB980-3A16-4B2D-B2B2-F7765E430006}.Release|x64.Build.0 = Release|Any CPU
		{3B8BB980-3A16-4B2D-B2B2-F7765E430006}.Release|x86.ActiveCfg = Release|Any CPU
		{3B8BB980-3A16-4B2D-B2B2-F7765E430006}.Release|x86.Build.0 = Release|Any CPU
		{F0753B9B-B8A2-497D-8342-5E401BBB3D2F}.Debug|Any CPU.ActiveCfg = Debug|x86
		{F0753B9B-B8A2-497D-8342-5E401BBB3D2F}.Debug|ARM.ActiveCfg = Debug|ARM
		{F0753B9B-B8A2-497D-8342-5E401BBB3D2F}.Debug|ARM.Build.0 = Debug|ARM
		{F0753B9B-B8A2-497D-8342-5E401BBB3D2F}.Debug|ARM.Deploy.0 = Debug|ARM
		{F0753B9B-B8A2-497D-8342-5E401BBB3D2F}.Debug|iPhone.ActiveCfg = Debug|x86
		{F0753B9B-B8A2-497D-8342-5E401BBB3D2F}.Debug|iPhoneSimulator.ActiveCfg = Debug|x86
		{F0753B9B-B8A2-497D-8342-5E401BBB3D2F}.Debug|x64.ActiveCfg = Debug|x64
		{F0753B9B-B8A2-497D-8342-5E401BBB3D2F}.Debug|x64.Build.0 = Debug|x64
		{F0753B9B-B8A2-497D-8342-5E401BBB3D2F}.Debug|x64.Deploy.0 = Debug|x64
		{F0753B9B-B8A2-497D-8342-5E401BBB3D2F}.Debug|x86.ActiveCfg = Debug|x86
		{F0753B9B-B8A2-497D-8342-5E401BBB3D2F}.Debug|x86.Build.0 = Debug|x86
		{F0753B9B-B8A2-497D-8342-5E401BBB3D2F}.Debug|x86.Deploy.0 = Debug|x86
		{F0753B9B-B8A2-497D-8342-5E401BBB3D2F}.Release|Any CPU.ActiveCfg = Release|x86
		{F0753B9B-B8A2-497D-8342-5E401BBB3D2F}.Release|ARM.ActiveCfg = Release|ARM
		{F0753B9B-B8A2-497D-8342-5E401BBB3D2F}.Release|ARM.Build.0 = Release|ARM
		{F0753B9B-B8A2-497D-8342-5E401BBB3D2F}.Release|ARM.Deploy.0 = Release|ARM
		{F0753B9B-B8A2-497D-8342-5E401BBB3D2F}.Release|iPhone.ActiveCfg = Release|x86
		{F0753B9B-B8A2-497D-8342-5E401BBB3D2F}.Release|iPhoneSimulator.ActiveCfg = Release|x86
		{F0753B9B-B8A2-497D-8342-5E401BBB3D2F}.Release|x64.ActiveCfg = Release|x64
		{F0753B9B-B8A2-497D-8342-5E401BBB3D2F}.Release|x64.Build.0 = Release|x64
		{F0753B9B-B8A2-497D-8342-5E401BBB3D2F}.Release|x64.Deploy.0 = Release|x64
		{F0753B9B-B8A2-497D-8342-5E401BBB3D2F}.Release|x86.ActiveCfg = Release|x86
		{F0753B9B-B8A2-497D-8342-5E401BBB3D2F}.Release|x86.Build.0 = Release|x86
		{F0753B9B-B8A2-497D-8342-5E401BBB3D2F}.Release|x86.Deploy.0 = Release|x86
		{3123285D-3DFF-4DDC-AA9D-489F993D44C1}.Debug|Any CPU.ActiveCfg = Debug|Any CPU
		{3123285D-3DFF-4DDC-AA9D-489F993D44C1}.Debug|Any CPU.Build.0 = Debug|Any CPU
		{3123285D-3DFF-4DDC-AA9D-489F993D44C1}.Debug|ARM.ActiveCfg = Debug|Any CPU
		{3123285D-3DFF-4DDC-AA9D-489F993D44C1}.Debug|ARM.Build.0 = Debug|Any CPU
		{3123285D-3DFF-4DDC-AA9D-489F993D44C1}.Debug|iPhone.ActiveCfg = Debug|Any CPU
		{3123285D-3DFF-4DDC-AA9D-489F993D44C1}.Debug|iPhone.Build.0 = Debug|Any CPU
		{3123285D-3DFF-4DDC-AA9D-489F993D44C1}.Debug|iPhoneSimulator.ActiveCfg = Debug|Any CPU
		{3123285D-3DFF-4DDC-AA9D-489F993D44C1}.Debug|iPhoneSimulator.Build.0 = Debug|Any CPU
		{3123285D-3DFF-4DDC-AA9D-489F993D44C1}.Debug|x64.ActiveCfg = Debug|Any CPU
		{3123285D-3DFF-4DDC-AA9D-489F993D44C1}.Debug|x64.Build.0 = Debug|Any CPU
		{3123285D-3DFF-4DDC-AA9D-489F993D44C1}.Debug|x86.ActiveCfg = Debug|Any CPU
		{3123285D-3DFF-4DDC-AA9D-489F993D44C1}.Debug|x86.Build.0 = Debug|Any CPU
		{3123285D-3DFF-4DDC-AA9D-489F993D44C1}.Release|Any CPU.ActiveCfg = Release|Any CPU
		{3123285D-3DFF-4DDC-AA9D-489F993D44C1}.Release|Any CPU.Build.0 = Release|Any CPU
		{3123285D-3DFF-4DDC-AA9D-489F993D44C1}.Release|ARM.ActiveCfg = Release|Any CPU
		{3123285D-3DFF-4DDC-AA9D-489F993D44C1}.Release|ARM.Build.0 = Release|Any CPU
		{3123285D-3DFF-4DDC-AA9D-489F993D44C1}.Release|iPhone.ActiveCfg = Release|Any CPU
		{3123285D-3DFF-4DDC-AA9D-489F993D44C1}.Release|iPhone.Build.0 = Release|Any CPU
		{3123285D-3DFF-4DDC-AA9D-489F993D44C1}.Release|iPhoneSimulator.ActiveCfg = Release|Any CPU
		{3123285D-3DFF-4DDC-AA9D-489F993D44C1}.Release|iPhoneSimulator.Build.0 = Release|Any CPU
		{3123285D-3DFF-4DDC-AA9D-489F993D44C1}.Release|x64.ActiveCfg = Release|Any CPU
		{3123285D-3DFF-4DDC-AA9D-489F993D44C1}.Release|x64.Build.0 = Release|Any CPU
		{3123285D-3DFF-4DDC-AA9D-489F993D44C1}.Release|x86.ActiveCfg = Release|Any CPU
		{3123285D-3DFF-4DDC-AA9D-489F993D44C1}.Release|x86.Build.0 = Release|Any CPU
		{A790AFB9-3674-4778-BE84-0E710C39A865}.Debug|Any CPU.ActiveCfg = Debug|Any CPU
		{A790AFB9-3674-4778-BE84-0E710C39A865}.Debug|Any CPU.Build.0 = Debug|Any CPU
		{A790AFB9-3674-4778-BE84-0E710C39A865}.Debug|ARM.ActiveCfg = Debug|Any CPU
		{A790AFB9-3674-4778-BE84-0E710C39A865}.Debug|ARM.Build.0 = Debug|Any CPU
		{A790AFB9-3674-4778-BE84-0E710C39A865}.Debug|iPhone.ActiveCfg = Debug|Any CPU
		{A790AFB9-3674-4778-BE84-0E710C39A865}.Debug|iPhone.Build.0 = Debug|Any CPU
		{A790AFB9-3674-4778-BE84-0E710C39A865}.Debug|iPhoneSimulator.ActiveCfg = Debug|Any CPU
		{A790AFB9-3674-4778-BE84-0E710C39A865}.Debug|iPhoneSimulator.Build.0 = Debug|Any CPU
		{A790AFB9-3674-4778-BE84-0E710C39A865}.Debug|x64.ActiveCfg = Debug|Any CPU
		{A790AFB9-3674-4778-BE84-0E710C39A865}.Debug|x64.Build.0 = Debug|Any CPU
		{A790AFB9-3674-4778-BE84-0E710C39A865}.Debug|x86.ActiveCfg = Debug|Any CPU
		{A790AFB9-3674-4778-BE84-0E710C39A865}.Debug|x86.Build.0 = Debug|Any CPU
		{A790AFB9-3674-4778-BE84-0E710C39A865}.Release|Any CPU.ActiveCfg = Release|Any CPU
		{A790AFB9-3674-4778-BE84-0E710C39A865}.Release|Any CPU.Build.0 = Release|Any CPU
		{A790AFB9-3674-4778-BE84-0E710C39A865}.Release|ARM.ActiveCfg = Release|Any CPU
		{A790AFB9-3674-4778-BE84-0E710C39A865}.Release|ARM.Build.0 = Release|Any CPU
		{A790AFB9-3674-4778-BE84-0E710C39A865}.Release|iPhone.ActiveCfg = Release|Any CPU
		{A790AFB9-3674-4778-BE84-0E710C39A865}.Release|iPhone.Build.0 = Release|Any CPU
		{A790AFB9-3674-4778-BE84-0E710C39A865}.Release|iPhoneSimulator.ActiveCfg = Release|Any CPU
		{A790AFB9-3674-4778-BE84-0E710C39A865}.Release|iPhoneSimulator.Build.0 = Release|Any CPU
		{A790AFB9-3674-4778-BE84-0E710C39A865}.Release|x64.ActiveCfg = Release|Any CPU
		{A790AFB9-3674-4778-BE84-0E710C39A865}.Release|x64.Build.0 = Release|Any CPU
		{A790AFB9-3674-4778-BE84-0E710C39A865}.Release|x86.ActiveCfg = Release|Any CPU
		{A790AFB9-3674-4778-BE84-0E710C39A865}.Release|x86.Build.0 = Release|Any CPU
	EndGlobalSection
	GlobalSection(SolutionProperties) = preSolution
		HideSolutionNode = FALSE
	EndGlobalSection
	GlobalSection(NestedProjects) = preSolution
		{4D3528FD-FC7C-4707-A5A2-BA0690813F04} = {096C200C-1865-46E4-B047-1E1AB4BE06EA}
		{4E160B3C-2310-4011-BA0A-C5A55E0B93F6} = {096C200C-1865-46E4-B047-1E1AB4BE06EA}
		{56B75E40-8B62-446A-B1BE-AC2640C4C482} = {096C200C-1865-46E4-B047-1E1AB4BE06EA}
		{3B8BB980-3A16-4B2D-B2B2-F7765E430006} = {030D4042-A015-43A2-BA2D-D0158A7DF1BA}
		{F0753B9B-B8A2-497D-8342-5E401BBB3D2F} = {096C200C-1865-46E4-B047-1E1AB4BE06EA}
		{3123285D-3DFF-4DDC-AA9D-489F993D44C1} = {096C200C-1865-46E4-B047-1E1AB4BE06EA}
		{A790AFB9-3674-4778-BE84-0E710C39A865} = {030D4042-A015-43A2-BA2D-D0158A7DF1BA}
	EndGlobalSection
EndGlobal
